{
  "pins" : [
    {
      "identity" : "swift-collections",
      "kind" : "remoteSourceControl",
      "location" : "https://github.com/scytales-com/swift-collections.git",
      "state" : {
        "revision" : "b7263391c0f53d1a60b8fe937366fc821ec7f53c",
        "version" : "1.1.0"
      }
    }
  ],
  "version" : 2
}
